// !$*UTF8*$!
{
	archiveVersion = 1;
	classes = {
	};
	objectVersion = 56;
	objects = {

/* Begin PBXBuildFile section */
		1866F03D29521ADB00C18599 /* NavigationBar.swift in Sources */ = {isa = PBXBuildFile; fileRef = 1866F03C29521ADB00C18599 /* NavigationBar.swift */; };
		1866F03F29533FA300C18599 /* WeatherView.swift in Sources */ = {isa = PBXBuildFile; fileRef = 1866F03E29533FA300C18599 /* WeatherView.swift */; };
		1866F041295376B200C18599 /* WeatherWidget.swift in Sources */ = {isa = PBXBuildFile; fileRef = 1866F040295376B200C18599 /* WeatherWidget.swift */; };
		188BD7602932603700600157 /* Blur.swift in Sources */ = {isa = PBXBuildFile; fileRef = 188BD75F2932603700600157 /* Blur.swift */; };
		188BD762293350F800600157 /* ViewEx.swift in Sources */ = {isa = PBXBuildFile; fileRef = 188BD761293350F800600157 /* ViewEx.swift */; };
		188BD764293385E800600157 /* DesignSegmentedController.swift in Sources */ = {isa = PBXBuildFile; fileRef = 188BD763293385E800600157 /* DesignSegmentedController.swift */; };
		188BD7662933CF0800600157 /* ForecastModel.swift in Sources */ = {isa = PBXBuildFile; fileRef = 188BD7652933CF0800600157 /* ForecastModel.swift */; };
		188BD7692933D2D000600157 /* ForecastCard.swift in Sources */ = {isa = PBXBuildFile; fileRef = 188BD7682933D2D000600157 /* ForecastCard.swift */; };
		18E867DC292EBF04009A7245 /* DesignWeatherApp.swift in Sources */ = {isa = PBXBuildFile; fileRef = 18E867DB292EBF04009A7245 /* DesignWeatherApp.swift */; };
		18E867DE292EBF04009A7245 /* ContentView.swift in Sources */ = {isa = PBXBuildFile; fileRef = 18E867DD292EBF04009A7245 /* ContentView.swift */; };
		18E867E0292EBF06009A7245 /* Assets.xcassets in Resources */ = {isa = PBXBuildFile; fileRef = 18E867DF292EBF06009A7245 /* Assets.xcassets */; };
		18E867E3292EBF06009A7245 /* Preview Assets.xcassets in Resources */ = {isa = PBXBuildFile; fileRef = 18E867E2292EBF06009A7245 /* Preview Assets.xcassets */; };
		18E867E5292EBF06009A7245 /* Persistence.swift in Sources */ = {isa = PBXBuildFile; fileRef = 18E867E4292EBF06009A7245 /* Persistence.swift */; };
		18E867E8292EBF06009A7245 /* DesignWeather.xcdatamodeld in Sources */ = {isa = PBXBuildFile; fileRef = 18E867E6292EBF06009A7245 /* DesignWeather.xcdatamodeld */; };
		18E867F2292EBF06009A7245 /* DesignWeatherTests.swift in Sources */ = {isa = PBXBuildFile; fileRef = 18E867F1292EBF06009A7245 /* DesignWeatherTests.swift */; };
		18E867FC292EBF06009A7245 /* DesignWeatherUITests.swift in Sources */ = {isa = PBXBuildFile; fileRef = 18E867FB292EBF06009A7245 /* DesignWeatherUITests.swift */; };
		18E867FE292EBF06009A7245 /* DesignWeatherUITestsLaunchTests.swift in Sources */ = {isa = PBXBuildFile; fileRef = 18E867FD292EBF06009A7245 /* DesignWeatherUITestsLaunchTests.swift */; };
		18E86812292EC38E009A7245 /* ColorEx.swift in Sources */ = {isa = PBXBuildFile; fileRef = 18E86811292EC38E009A7245 /* ColorEx.swift */; };
		18E86814292EC5C7009A7245 /* HomeView.swift in Sources */ = {isa = PBXBuildFile; fileRef = 18E86813292EC5C7009A7245 /* HomeView.swift */; };
		18E86816292ECF62009A7245 /* TabBar.swift in Sources */ = {isa = PBXBuildFile; fileRef = 18E86815292ECF62009A7245 /* TabBar.swift */; };
		18E8681829317D79009A7245 /* ShapesEx.swift in Sources */ = {isa = PBXBuildFile; fileRef = 18E8681729317D79009A7245 /* ShapesEx.swift */; };
		18E8681B29322B9D009A7245 /* BottomSheet in Frameworks */ = {isa = PBXBuildFile; productRef = 18E8681A29322B9D009A7245 /* BottomSheet */; };
		18E8681D29322E33009A7245 /* ForecastView.swift in Sources */ = {isa = PBXBuildFile; fileRef = 18E8681C29322E33009A7245 /* ForecastView.swift */; };
/* End PBXBuildFile section */

/* Begin PBXContainerItemProxy section */
		18E867EE292EBF06009A7245 /* PBXContainerItemProxy */ = {
			isa = PBXContainerItemProxy;
			containerPortal = 18E867D0292EBF04009A7245 /* Project object */;
			proxyType = 1;
			remoteGlobalIDString = 18E867D7292EBF04009A7245;
			remoteInfo = DesignWeather;
		};
		18E867F8292EBF06009A7245 /* PBXContainerItemProxy */ = {
			isa = PBXContainerItemProxy;
			containerPortal = 18E867D0292EBF04009A7245 /* Project object */;
			proxyType = 1;
			remoteGlobalIDString = 18E867D7292EBF04009A7245;
			remoteInfo = DesignWeather;
		};
/* End PBXContainerItemProxy section */

/* Begin PBXFileReference section */
		1866F03C29521ADB00C18599 /* NavigationBar.swift */ = {isa = PBXFileReference; lastKnownFileType = sourcecode.swift; path = NavigationBar.swift; sourceTree = "<group>"; };
		1866F03E29533FA300C18599 /* WeatherView.swift */ = {isa = PBXFileReference; lastKnownFileType = sourcecode.swift; path = WeatherView.swift; sourceTree = "<group>"; };
		1866F040295376B200C18599 /* WeatherWidget.swift */ = {isa = PBXFileReference; lastKnownFileType = sourcecode.swift; path = WeatherWidget.swift; sourceTree = "<group>"; };
		188BD75F2932603700600157 /* Blur.swift */ = {isa = PBXFileReference; lastKnownFileType = sourcecode.swift; path = Blur.swift; sourceTree = "<group>"; };
		188BD761293350F800600157 /* ViewEx.swift */ = {isa = PBXFileReference; lastKnownFileType = sourcecode.swift; path = ViewEx.swift; sourceTree = "<group>"; };
		188BD763293385E800600157 /* DesignSegmentedController.swift */ = {isa = PBXFileReference; lastKnownFileType = sourcecode.swift; path = DesignSegmentedController.swift; sourceTree = "<group>"; };
		188BD7652933CF0800600157 /* ForecastModel.swift */ = {isa = PBXFileReference; lastKnownFileType = sourcecode.swift; path = ForecastModel.swift; sourceTree = "<group>"; };
		188BD7672933D06400600157 /* Readme.md */ = {isa = PBXFileReference; lastKnownFileType = net.daringfireball.markdown; path = Readme.md; sourceTree = "<group>"; };
		188BD7682933D2D000600157 /* ForecastCard.swift */ = {isa = PBXFileReference; lastKnownFileType = sourcecode.swift; path = ForecastCard.swift; sourceTree = "<group>"; };
		18E867D8292EBF04009A7245 /* DesignWeather.app */ = {isa = PBXFileReference; explicitFileType = wrapper.application; includeInIndex = 0; path = DesignWeather.app; sourceTree = BUILT_PRODUCTS_DIR; };
		18E867DB292EBF04009A7245 /* DesignWeatherApp.swift */ = {isa = PBXFileReference; lastKnownFileType = sourcecode.swift; path = DesignWeatherApp.swift; sourceTree = "<group>"; };
		18E867DD292EBF04009A7245 /* ContentView.swift */ = {isa = PBXFileReference; lastKnownFileType = sourcecode.swift; path = ContentView.swift; sourceTree = "<group>"; };
		18E867DF292EBF06009A7245 /* Assets.xcassets */ = {isa = PBXFileReference; lastKnownFileType = folder.assetcatalog; path = Assets.xcassets; sourceTree = "<group>"; };
		18E867E2292EBF06009A7245 /* Preview Assets.xcassets */ = {isa = PBXFileReference; lastKnownFileType = folder.assetcatalog; path = "Preview Assets.xcassets"; sourceTree = "<group>"; };
		18E867E4292EBF06009A7245 /* Persistence.swift */ = {isa = PBXFileReference; lastKnownFileType = sourcecode.swift; path = Persistence.swift; sourceTree = "<group>"; };
		18E867E7292EBF06009A7245 /* DesignWeather.xcdatamodel */ = {isa = PBXFileReference; lastKnownFileType = wrapper.xcdatamodel; path = DesignWeather.xcdatamodel; sourceTree = "<group>"; };
		18E867ED292EBF06009A7245 /* DesignWeatherTests.xctest */ = {isa = PBXFileReference; explicitFileType = wrapper.cfbundle; includeInIndex = 0; path = DesignWeatherTests.xctest; sourceTree = BUILT_PRODUCTS_DIR; };
		18E867F1292EBF06009A7245 /* DesignWeatherTests.swift */ = {isa = PBXFileReference; lastKnownFileType = sourcecode.swift; path = DesignWeatherTests.swift; sourceTree = "<group>"; };
		18E867F7292EBF06009A7245 /* DesignWeatherUITests.xctest */ = {isa = PBXFileReference; explicitFileType = wrapper.cfbundle; includeInIndex = 0; path = DesignWeatherUITests.xctest; sourceTree = BUILT_PRODUCTS_DIR; };
		18E867FB292EBF06009A7245 /* DesignWeatherUITests.swift */ = {isa = PBXFileReference; lastKnownFileType = sourcecode.swift; path = DesignWeatherUITests.swift; sourceTree = "<group>"; };
		18E867FD292EBF06009A7245 /* DesignWeatherUITestsLaunchTests.swift */ = {isa = PBXFileReference; lastKnownFileType = sourcecode.swift; path = DesignWeatherUITestsLaunchTests.swift; sourceTree = "<group>"; };
		18E86811292EC38E009A7245 /* ColorEx.swift */ = {isa = PBXFileReference; lastKnownFileType = sourcecode.swift; path = ColorEx.swift; sourceTree = "<group>"; };
		18E86813292EC5C7009A7245 /* HomeView.swift */ = {isa = PBXFileReference; lastKnownFileType = sourcecode.swift; path = HomeView.swift; sourceTree = "<group>"; };
		18E86815292ECF62009A7245 /* TabBar.swift */ = {isa = PBXFileReference; lastKnownFileType = sourcecode.swift; path = TabBar.swift; sourceTree = "<group>"; };
		18E8681729317D79009A7245 /* ShapesEx.swift */ = {isa = PBXFileReference; lastKnownFileType = sourcecode.swift; path = ShapesEx.swift; sourceTree = "<group>"; };
		18E8681C29322E33009A7245 /* ForecastView.swift */ = {isa = PBXFileReference; lastKnownFileType = sourcecode.swift; path = ForecastView.swift; sourceTree = "<group>"; };
/* End PBXFileReference section */

/* Begin PBXFrameworksBuildPhase section */
		18E867D5292EBF04009A7245 /* Frameworks */ = {
			isa = PBXFrameworksBuildPhase;
			buildActionMask = 2147483647;
			files = (
				18E8681B29322B9D009A7245 /* BottomSheet in Frameworks */,
			);
			runOnlyForDeploymentPostprocessing = 0;
		};
		18E867EA292EBF06009A7245 /* Frameworks */ = {
			isa = PBXFrameworksBuildPhase;
			buildActionMask = 2147483647;
			files = (
			);
			runOnlyForDeploymentPostprocessing = 0;
		};
		18E867F4292EBF06009A7245 /* Frameworks */ = {
			isa = PBXFrameworksBuildPhase;
			buildActionMask = 2147483647;
			files = (
			);
			runOnlyForDeploymentPostprocessing = 0;
		};
/* End PBXFrameworksBuildPhase section */

/* Begin PBXGroup section */
		18E867CF292EBF04009A7245 = {
			isa = PBXGroup;
			children = (
				188BD7672933D06400600157 /* Readme.md */,
				18E867DA292EBF04009A7245 /* DesignWeather */,
				18E867F0292EBF06009A7245 /* DesignWeatherTests */,
				18E867FA292EBF06009A7245 /* DesignWeatherUITests */,
				18E867D9292EBF04009A7245 /* Products */,
			);
			sourceTree = "<group>";
		};
		18E867D9292EBF04009A7245 /* Products */ = {
			isa = PBXGroup;
			children = (
				18E867D8292EBF04009A7245 /* DesignWeather.app */,
				18E867ED292EBF06009A7245 /* DesignWeatherTests.xctest */,
				18E867F7292EBF06009A7245 /* DesignWeatherUITests.xctest */,
			);
			name = Products;
			sourceTree = "<group>";
		};
		18E867DA292EBF04009A7245 /* DesignWeather */ = {
			isa = PBXGroup;
			children = (
				18E867DB292EBF04009A7245 /* DesignWeatherApp.swift */,
				18E8680A292EC188009A7245 /* Views */,
				18E8680B292EC195009A7245 /* Models */,
				18E8680C292EC19C009A7245 /* Utilities */,
				18E867DF292EBF06009A7245 /* Assets.xcassets */,
				18E867E4292EBF06009A7245 /* Persistence.swift */,
				18E867E6292EBF06009A7245 /* DesignWeather.xcdatamodeld */,
				18E867E1292EBF06009A7245 /* Preview Content */,
			);
			path = DesignWeather;
			sourceTree = "<group>";
		};
		18E867E1292EBF06009A7245 /* Preview Content */ = {
			isa = PBXGroup;
			children = (
				18E867E2292EBF06009A7245 /* Preview Assets.xcassets */,
			);
			path = "Preview Content";
			sourceTree = "<group>";
		};
		18E867F0292EBF06009A7245 /* DesignWeatherTests */ = {
			isa = PBXGroup;
			children = (
				18E867F1292EBF06009A7245 /* DesignWeatherTests.swift */,
			);
			path = DesignWeatherTests;
			sourceTree = "<group>";
		};
		18E867FA292EBF06009A7245 /* DesignWeatherUITests */ = {
			isa = PBXGroup;
			children = (
				18E867FB292EBF06009A7245 /* DesignWeatherUITests.swift */,
				18E867FD292EBF06009A7245 /* DesignWeatherUITestsLaunchTests.swift */,
			);
			path = DesignWeatherUITests;
			sourceTree = "<group>";
		};
		18E8680A292EC188009A7245 /* Views */ = {
			isa = PBXGroup;
			children = (
				18E86810292EC28F009A7245 /* Components */,
				18E8680F292EC26E009A7245 /* Detail */,
				18E8680E292EC264009A7245 /* Navigation */,
				18E8680D292EC259009A7245 /* Main */,
			);
			path = Views;
			sourceTree = "<group>";
		};
		18E8680B292EC195009A7245 /* Models */ = {
			isa = PBXGroup;
			children = (
				188BD7652933CF0800600157 /* ForecastModel.swift */,
			);
			path = Models;
			sourceTree = "<group>";
		};
		18E8680C292EC19C009A7245 /* Utilities */ = {
			isa = PBXGroup;
			children = (
				18E86811292EC38E009A7245 /* ColorEx.swift */,
				18E8681729317D79009A7245 /* ShapesEx.swift */,
				188BD761293350F800600157 /* ViewEx.swift */,
			);
			path = Utilities;
			sourceTree = "<group>";
		};
		18E8680D292EC259009A7245 /* Main */ = {
			isa = PBXGroup;
			children = (
				18E867DD292EBF04009A7245 /* ContentView.swift */,
				18E86813292EC5C7009A7245 /* HomeView.swift */,
			);
			path = Main;
			sourceTree = "<group>";
		};
		18E8680E292EC264009A7245 /* Navigation */ = {
			isa = PBXGroup;
			children = (
				18E86815292ECF62009A7245 /* TabBar.swift */,
				1866F03C29521ADB00C18599 /* NavigationBar.swift */,
			);
			path = Navigation;
			sourceTree = "<group>";
		};
		18E8680F292EC26E009A7245 /* Detail */ = {
			isa = PBXGroup;
			children = (
				18E8681C29322E33009A7245 /* ForecastView.swift */,
				1866F03E29533FA300C18599 /* WeatherView.swift */,
			);
			path = Detail;
			sourceTree = "<group>";
		};
		18E86810292EC28F009A7245 /* Components */ = {
			isa = PBXGroup;
			children = (
				188BD75F2932603700600157 /* Blur.swift */,
				188BD763293385E800600157 /* DesignSegmentedController.swift */,
				188BD7682933D2D000600157 /* ForecastCard.swift */,
				1866F040295376B200C18599 /* WeatherWidget.swift */,
			);
			path = Components;
			sourceTree = "<group>";
		};
/* End PBXGroup section */

/* Begin PBXNativeTarget section */
		18E867D7292EBF04009A7245 /* DesignWeather */ = {
			isa = PBXNativeTarget;
			buildConfigurationList = 18E86801292EBF06009A7245 /* Build configuration list for PBXNativeTarget "DesignWeather" */;
			buildPhases = (
				18E867D4292EBF04009A7245 /* Sources */,
				18E867D5292EBF04009A7245 /* Frameworks */,
				18E867D6292EBF04009A7245 /* Resources */,
			);
			buildRules = (
			);
			dependencies = (
			);
			name = DesignWeather;
			packageProductDependencies = (
				18E8681A29322B9D009A7245 /* BottomSheet */,
			);
			productName = DesignWeather;
			productReference = 18E867D8292EBF04009A7245 /* DesignWeather.app */;
			productType = "com.apple.product-type.application";
		};
		18E867EC292EBF06009A7245 /* DesignWeatherTests */ = {
			isa = PBXNativeTarget;
			buildConfigurationList = 18E86804292EBF06009A7245 /* Build configuration list for PBXNativeTarget "DesignWeatherTests" */;
			buildPhases = (
				18E867E9292EBF06009A7245 /* Sources */,
				18E867EA292EBF06009A7245 /* Frameworks */,
				18E867EB292EBF06009A7245 /* Resources */,
			);
			buildRules = (
			);
			dependencies = (
				18E867EF292EBF06009A7245 /* PBXTargetDependency */,
			);
			name = DesignWeatherTests;
			productName = DesignWeatherTests;
			productReference = 18E867ED292EBF06009A7245 /* DesignWeatherTests.xctest */;
			productType = "com.apple.product-type.bundle.unit-test";
		};
		18E867F6292EBF06009A7245 /* DesignWeatherUITests */ = {
			isa = PBXNativeTarget;
			buildConfigurationList = 18E86807292EBF06009A7245 /* Build configuration list for PBXNativeTarget "DesignWeatherUITests" */;
			buildPhases = (
				18E867F3292EBF06009A7245 /* Sources */,
				18E867F4292EBF06009A7245 /* Frameworks */,
				18E867F5292EBF06009A7245 /* Resources */,
			);
			buildRules = (
			);
			dependencies = (
				18E867F9292EBF06009A7245 /* PBXTargetDependency */,
			);
			name = DesignWeatherUITests;
			productName = DesignWeatherUITests;
			productReference = 18E867F7292EBF06009A7245 /* DesignWeatherUITests.xctest */;
			productType = "com.apple.product-type.bundle.ui-testing";
		};
/* End PBXNativeTarget section */

/* Begin PBXProject section */
		18E867D0292EBF04009A7245 /* Project object */ = {
			isa = PBXProject;
			attributes = {
				BuildIndependentTargetsInParallel = 1;
				LastSwiftUpdateCheck = 1400;
				LastUpgradeCheck = 1400;
				TargetAttributes = {
					18E867D7292EBF04009A7245 = {
						CreatedOnToolsVersion = 14.0.1;
					};
					18E867EC292EBF06009A7245 = {
						CreatedOnToolsVersion = 14.0.1;
						TestTargetID = 18E867D7292EBF04009A7245;
					};
					18E867F6292EBF06009A7245 = {
						CreatedOnToolsVersion = 14.0.1;
						TestTargetID = 18E867D7292EBF04009A7245;
					};
				};
			};
			buildConfigurationList = 18E867D3292EBF04009A7245 /* Build configuration list for PBXProject "DesignWeather" */;
			compatibilityVersion = "Xcode 14.0";
			developmentRegion = en;
			hasScannedForEncodings = 0;
			knownRegions = (
				en,
				Base,
			);
			mainGroup = 18E867CF292EBF04009A7245;
			packageReferences = (
				18E8681929322B9D009A7245 /* XCRemoteSwiftPackageReference "BottomSheet" */,
			);
			productRefGroup = 18E867D9292EBF04009A7245 /* Products */;
			projectDirPath = "";
			projectRoot = "";
			targets = (
				18E867D7292EBF04009A7245 /* DesignWeather */,
				18E867EC292EBF06009A7245 /* DesignWeatherTests */,
				18E867F6292EBF06009A7245 /* DesignWeatherUITests */,
			);
		};
/* End PBXProject section */

/* Begin PBXResourcesBuildPhase section */
		18E867D6292EBF04009A7245 /* Resources */ = {
			isa = PBXResourcesBuildPhase;
			buildActionMask = 2147483647;
			files = (
				18E867E3292EBF06009A7245 /* Preview Assets.xcassets in Resources */,
				18E867E0292EBF06009A7245 /* Assets.xcassets in Resources */,
			);
			runOnlyForDeploymentPostprocessing = 0;
		};
		18E867EB292EBF06009A7245 /* Resources */ = {
			isa = PBXResourcesBuildPhase;
			buildActionMask = 2147483647;
			files = (
			);
			runOnlyForDeploymentPostprocessing = 0;
		};
		18E867F5292EBF06009A7245 /* Resources */ = {
			isa = PBXResourcesBuildPhase;
			buildActionMask = 2147483647;
			files = (
			);
			runOnlyForDeploymentPostprocessing = 0;
		};
/* End PBXResourcesBuildPhase section */

/* Begin PBXSourcesBuildPhase section */
		18E867D4292EBF04009A7245 /* Sources */ = {
			isa = PBXSourcesBuildPhase;
			buildActionMask = 2147483647;
			files = (
				18E867E8292EBF06009A7245 /* DesignWeather.xcdatamodeld in Sources */,
				188BD7662933CF0800600157 /* ForecastModel.swift in Sources */,
				18E86812292EC38E009A7245 /* ColorEx.swift in Sources */,
				188BD7602932603700600157 /* Blur.swift in Sources */,
				18E8681829317D79009A7245 /* ShapesEx.swift in Sources */,
				1866F03D29521ADB00C18599 /* NavigationBar.swift in Sources */,
				188BD764293385E800600157 /* DesignSegmentedController.swift in Sources */,
				1866F03F29533FA300C18599 /* WeatherView.swift in Sources */,
				18E867E5292EBF06009A7245 /* Persistence.swift in Sources */,
				18E86814292EC5C7009A7245 /* HomeView.swift in Sources */,
				188BD762293350F800600157 /* ViewEx.swift in Sources */,
				1866F041295376B200C18599 /* WeatherWidget.swift in Sources */,
				18E8681D29322E33009A7245 /* ForecastView.swift in Sources */,
				18E867DE292EBF04009A7245 /* ContentView.swift in Sources */,
				18E867DC292EBF04009A7245 /* DesignWeatherApp.swift in Sources */,
				188BD7692933D2D000600157 /* ForecastCard.swift in Sources */,
				18E86816292ECF62009A7245 /* TabBar.swift in Sources */,
			);
			runOnlyForDeploymentPostprocessing = 0;
		};
		18E867E9292EBF06009A7245 /* Sources */ = {
			isa = PBXSourcesBuildPhase;
			buildActionMask = 2147483647;
			files = (
				18E867F2292EBF06009A7245 /* DesignWeatherTests.swift in Sources */,
			);
			runOnlyForDeploymentPostprocessing = 0;
		};
		18E867F3292EBF06009A7245 /* Sources */ = {
			isa = PBXSourcesBuildPhase;
			buildActionMask = 2147483647;
			files = (
				18E867FC292EBF06009A7245 /* DesignWeatherUITests.swift in Sources */,
				18E867FE292EBF06009A7245 /* DesignWeatherUITestsLaunchTests.swift in Sources */,
			);
			runOnlyForDeploymentPostprocessing = 0;
		};
/* End PBXSourcesBuildPhase section */

/* Begin PBXTargetDependency section */
		18E867EF292EBF06009A7245 /* PBXTargetDependency */ = {
			isa = PBXTargetDependency;
			target = 18E867D7292EBF04009A7245 /* DesignWeather */;
			targetProxy = 18E867EE292EBF06009A7245 /* PBXContainerItemProxy */;
		};
		18E867F9292EBF06009A7245 /* PBXTargetDependency */ = {
			isa = PBXTargetDependency;
			target = 18E867D7292EBF04009A7245 /* DesignWeather */;
			targetProxy = 18E867F8292EBF06009A7245 /* PBXContainerItemProxy */;
		};
/* End PBXTargetDependency section */

/* Begin XCBuildConfiguration section */
		18E867FF292EBF06009A7245 /* Debug */ = {
			isa = XCBuildConfiguration;
			buildSettings = {
				ALWAYS_SEARCH_USER_PATHS = NO;
				CLANG_ANALYZER_NONNULL = YES;
				CLANG_ANALYZER_NUMBER_OBJECT_CONVERSION = YES_AGGRESSIVE;
				CLANG_CXX_LANGUAGE_STANDARD = "gnu++20";
				CLANG_ENABLE_MODULES = YES;
				CLANG_ENABLE_OBJC_ARC = YES;
				CLANG_ENABLE_OBJC_WEAK = YES;
				CLANG_WARN_BLOCK_CAPTURE_AUTORELEASING = YES;
				CLANG_WARN_BOOL_CONVERSION = YES;
				CLANG_WARN_COMMA = YES;
				CLANG_WARN_CONSTANT_CONVERSION = YES;
				CLANG_WARN_DEPRECATED_OBJC_IMPLEMENTATIONS = YES;
				CLANG_WARN_DIRECT_OBJC_ISA_USAGE = YES_ERROR;
				CLANG_WARN_DOCUMENTATION_COMMENTS = YES;
				CLANG_WARN_EMPTY_BODY = YES;
				CLANG_WARN_ENUM_CONVERSION = YES;
				CLANG_WARN_INFINITE_RECURSION = YES;
				CLANG_WARN_INT_CONVERSION = YES;
				CLANG_WARN_NON_LITERAL_NULL_CONVERSION = YES;
				CLANG_WARN_OBJC_IMPLICIT_RETAIN_SELF = YES;
				CLANG_WARN_OBJC_LITERAL_CONVERSION = YES;
				CLANG_WARN_OBJC_ROOT_CLASS = YES_ERROR;
				CLANG_WARN_QUOTED_INCLUDE_IN_FRAMEWORK_HEADER = YES;
				CLANG_WARN_RANGE_LOOP_ANALYSIS = YES;
				CLANG_WARN_STRICT_PROTOTYPES = YES;
				CLANG_WARN_SUSPICIOUS_MOVE = YES;
				CLANG_WARN_UNGUARDED_AVAILABILITY = YES_AGGRESSIVE;
				CLANG_WARN_UNREACHABLE_CODE = YES;
				CLANG_WARN__DUPLICATE_METHOD_MATCH = YES;
				COPY_PHASE_STRIP = NO;
				DEBUG_INFORMATION_FORMAT = dwarf;
				ENABLE_STRICT_OBJC_MSGSEND = YES;
				ENABLE_TESTABILITY = YES;
				GCC_C_LANGUAGE_STANDARD = gnu11;
				GCC_DYNAMIC_NO_PIC = NO;
				GCC_NO_COMMON_BLOCKS = YES;
				GCC_OPTIMIZATION_LEVEL = 0;
				GCC_PREPROCESSOR_DEFINITIONS = (
					"DEBUG=1",
					"$(inherited)",
				);
				GCC_WARN_64_TO_32_BIT_CONVERSION = YES;
				GCC_WARN_ABOUT_RETURN_TYPE = YES_ERROR;
				GCC_WARN_UNDECLARED_SELECTOR = YES;
				GCC_WARN_UNINITIALIZED_AUTOS = YES_AGGRESSIVE;
				GCC_WARN_UNUSED_FUNCTION = YES;
				GCC_WARN_UNUSED_VARIABLE = YES;
				IPHONEOS_DEPLOYMENT_TARGET = 16.0;
				MTL_ENABLE_DEBUG_INFO = INCLUDE_SOURCE;
				MTL_FAST_MATH = YES;
				ONLY_ACTIVE_ARCH = YES;
				SDKROOT = iphoneos;
				SWIFT_ACTIVE_COMPILATION_CONDITIONS = DEBUG;
				SWIFT_OPTIMIZATION_LEVEL = "-Onone";
			};
			name = Debug;
		};
		18E86800292EBF06009A7245 /* Release */ = {
			isa = XCBuildConfiguration;
			buildSettings = {
				ALWAYS_SEARCH_USER_PATHS = NO;
				CLANG_ANALYZER_NONNULL = YES;
				CLANG_ANALYZER_NUMBER_OBJECT_CONVERSION = YES_AGGRESSIVE;
				CLANG_CXX_LANGUAGE_STANDARD = "gnu++20";
				CLANG_ENABLE_MODULES = YES;
				CLANG_ENABLE_OBJC_ARC = YES;
				CLANG_ENABLE_OBJC_WEAK = YES;
				CLANG_WARN_BLOCK_CAPTURE_AUTORELEASING = YES;
				CLANG_WARN_BOOL_CONVERSION = YES;
				CLANG_WARN_COMMA = YES;
				CLANG_WARN_CONSTANT_CONVERSION = YES;
				CLANG_WARN_DEPRECATED_OBJC_IMPLEMENTATIONS = YES;
				CLANG_WARN_DIRECT_OBJC_ISA_USAGE = YES_ERROR;
				CLANG_WARN_DOCUMENTATION_COMMENTS = YES;
				CLANG_WARN_EMPTY_BODY = YES;
				CLANG_WARN_ENUM_CONVERSION = YES;
				CLANG_WARN_INFINITE_RECURSION = YES;
				CLANG_WARN_INT_CONVERSION = YES;
				CLANG_WARN_NON_LITERAL_NULL_CONVERSION = YES;
				CLANG_WARN_OBJC_IMPLICIT_RETAIN_SELF = YES;
				CLANG_WARN_OBJC_LITERAL_CONVERSION = YES;
				CLANG_WARN_OBJC_ROOT_CLASS = YES_ERROR;
				CLANG_WARN_QUOTED_INCLUDE_IN_FRAMEWORK_HEADER = YES;
				CLANG_WARN_RANGE_LOOP_ANALYSIS = YES;
				CLANG_WARN_STRICT_PROTOTYPES = YES;
				CLANG_WARN_SUSPICIOUS_MOVE = YES;
				CLANG_WARN_UNGUARDED_AVAILABILITY = YES_AGGRESSIVE;
				CLANG_WARN_UNREACHABLE_CODE = YES;
				CLANG_WARN__DUPLICATE_METHOD_MATCH = YES;
				COPY_PHASE_STRIP = NO;
				DEBUG_INFORMATION_FORMAT = "dwarf-with-dsym";
				ENABLE_NS_ASSERTIONS = NO;
				ENABLE_STRICT_OBJC_MSGSEND = YES;
				GCC_C_LANGUAGE_STANDARD = gnu11;
				GCC_NO_COMMON_BLOCKS = YES;
				GCC_WARN_64_TO_32_BIT_CONVERSION = YES;
				GCC_WARN_ABOUT_RETURN_TYPE = YES_ERROR;
				GCC_WARN_UNDECLARED_SELECTOR = YES;
				GCC_WARN_UNINITIALIZED_AUTOS = YES_AGGRESSIVE;
				GCC_WARN_UNUSED_FUNCTION = YES;
				GCC_WARN_UNUSED_VARIABLE = YES;
				IPHONEOS_DEPLOYMENT_TARGET = 16.0;
				MTL_ENABLE_DEBUG_INFO = NO;
				MTL_FAST_MATH = YES;
				SDKROOT = iphoneos;
				SWIFT_COMPILATION_MODE = wholemodule;
				SWIFT_OPTIMIZATION_LEVEL = "-O";
				VALIDATE_PRODUCT = YES;
			};
			name = Release;
		};
		18E86802292EBF06009A7245 /* Debug */ = {
			isa = XCBuildConfiguration;
			buildSettings = {
				ASSETCATALOG_COMPILER_APPICON_NAME = AppIcon;
				ASSETCATALOG_COMPILER_GLOBAL_ACCENT_COLOR_NAME = AccentColor;
				CODE_SIGN_STYLE = Automatic;
				CURRENT_PROJECT_VERSION = 1;
				DEVELOPMENT_ASSET_PATHS = "\"DesignWeather/Preview Content\"";
				DEVELOPMENT_TEAM = 9B82Y2PAWR;
				ENABLE_PREVIEWS = YES;
				GENERATE_INFOPLIST_FILE = YES;
				INFOPLIST_KEY_UIApplicationSceneManifest_Generation = YES;
				INFOPLIST_KEY_UIApplicationSupportsIndirectInputEvents = YES;
				INFOPLIST_KEY_UILaunchScreen_Generation = YES;
				INFOPLIST_KEY_UISupportedInterfaceOrientations_iPad = "UIInterfaceOrientationPortrait UIInterfaceOrientationPortraitUpsideDown UIInterfaceOrientationLandscapeLeft UIInterfaceOrientationLandscapeRight";
				INFOPLIST_KEY_UISupportedInterfaceOrientations_iPhone = "UIInterfaceOrientationPortrait UIInterfaceOrientationLandscapeLeft UIInterfaceOrientationLandscapeRight";
				LD_RUNPATH_SEARCH_PATHS = (
					"$(inherited)",
					"@executable_path/Frameworks",
				);
				MARKETING_VERSION = 1.0;
				PRODUCT_BUNDLE_IDENTIFIER = com.FuguSoftware.DesignWeather;
				PRODUCT_NAME = "$(TARGET_NAME)";
				SWIFT_EMIT_LOC_STRINGS = YES;
				SWIFT_VERSION = 5.0;
				TARGETED_DEVICE_FAMILY = "1,2";
			};
			name = Debug;
		};
		18E86803292EBF06009A7245 /* Release */ = {
			isa = XCBuildConfiguration;
			buildSettings = {
				ASSETCATALOG_COMPILER_APPICON_NAME = AppIcon;
				ASSETCATALOG_COMPILER_GLOBAL_ACCENT_COLOR_NAME = AccentColor;
				CODE_SIGN_STYLE = Automatic;
				CURRENT_PROJECT_VERSION = 1;
				DEVELOPMENT_ASSET_PATHS = "\"DesignWeather/Preview Content\"";
				DEVELOPMENT_TEAM = 9B82Y2PAWR;
				ENABLE_PREVIEWS = YES;
				GENERATE_INFOPLIST_FILE = YES;
				INFOPLIST_KEY_UIApplicationSceneManifest_Generation = YES;
				INFOPLIST_KEY_UIApplicationSupportsIndirectInputEvents = YES;
				INFOPLIST_KEY_UILaunchScreen_Generation = YES;
				INFOPLIST_KEY_UISupportedInterfaceOrientations_iPad = "UIInterfaceOrientationPortrait UIInterfaceOrientationPortraitUpsideDown UIInterfaceOrientationLandscapeLeft UIInterfaceOrientationLandscapeRight";
				INFOPLIST_KEY_UISupportedInterfaceOrientations_iPhone = "UIInterfaceOrientationPortrait UIInterfaceOrientationLandscapeLeft UIInterfaceOrientationLandscapeRight";
				LD_RUNPATH_SEARCH_PATHS = (
					"$(inherited)",
					"@executable_path/Frameworks",
				);
				MARKETING_VERSION = 1.0;
				PRODUCT_BUNDLE_IDENTIFIER = com.FuguSoftware.DesignWeather;
				PRODUCT_NAME = "$(TARGET_NAME)";
				SWIFT_EMIT_LOC_STRINGS = YES;
				SWIFT_VERSION = 5.0;
				TARGETED_DEVICE_FAMILY = "1,2";
			};
			name = Release;
		};
		18E86805292EBF06009A7245 /* Debug */ = {
			isa = XCBuildConfiguration;
			buildSettings = {
				ALWAYS_EMBED_SWIFT_STANDARD_LIBRARIES = YES;
				BUNDLE_LOADER = "$(TEST_HOST)";
				CODE_SIGN_STYLE = Automatic;
				CURRENT_PROJECT_VERSION = 1;
				DEVELOPMENT_TEAM = 9B82Y2PAWR;
				GENERATE_INFOPLIST_FILE = YES;
				IPHONEOS_DEPLOYMENT_TARGET = 16.0;
				MARKETING_VERSION = 1.0;
				PRODUCT_BUNDLE_IDENTIFIER = com.FuguSoftware.DesignWeatherTests;
				PRODUCT_NAME = "$(TARGET_NAME)";
				SWIFT_EMIT_LOC_STRINGS = NO;
				SWIFT_VERSION = 5.0;
				TARGETED_DEVICE_FAMILY = "1,2";
				TEST_HOST = "$(BUILT_PRODUCTS_DIR)/DesignWeather.app/$(BUNDLE_EXECUTABLE_FOLDER_PATH)/DesignWeather";
			};
			name = Debug;
		};
		18E86806292EBF06009A7245 /* Release */ = {
			isa = XCBuildConfiguration;
			buildSettings = {
				ALWAYS_EMBED_SWIFT_STANDARD_LIBRARIES = YES;
				BUNDLE_LOADER = "$(TEST_HOST)";
				CODE_SIGN_STYLE = Automatic;
				CURRENT_PROJECT_VERSION = 1;
				DEVELOPMENT_TEAM = 9B82Y2PAWR;
				GENERATE_INFOPLIST_FILE = YES;
				IPHONEOS_DEPLOYMENT_TARGET = 16.0;
				MARKETING_VERSION = 1.0;
				PRODUCT_BUNDLE_IDENTIFIER = com.FuguSoftware.DesignWeatherTests;
				PRODUCT_NAME = "$(TARGET_NAME)";
				SWIFT_EMIT_LOC_STRINGS = NO;
				SWIFT_VERSION = 5.0;
				TARGETED_DEVICE_FAMILY = "1,2";
				TEST_HOST = "$(BUILT_PRODUCTS_DIR)/DesignWeather.app/$(BUNDLE_EXECUTABLE_FOLDER_PATH)/DesignWeather";
			};
			name = Release;
		};
		18E86808292EBF06009A7245 /* Debug */ = {
			isa = XCBuildConfiguration;
			buildSettings = {
				ALWAYS_EMBED_SWIFT_STANDARD_LIBRARIES = YES;
				CODE_SIGN_STYLE = Automatic;
				CURRENT_PROJECT_VERSION = 1;
				DEVELOPMENT_TEAM = 9B82Y2PAWR;
				GENERATE_INFOPLIST_FILE = YES;
				MARKETING_VERSION = 1.0;
				PRODUCT_BUNDLE_IDENTIFIER = com.FuguSoftware.DesignWeatherUITests;
				PRODUCT_NAME = "$(TARGET_NAME)";
				SWIFT_EMIT_LOC_STRINGS = NO;
				SWIFT_VERSION = 5.0;
				TARGETED_DEVICE_FAMILY = "1,2";
				TEST_TARGET_NAME = DesignWeather;
			};
			name = Debug;
		};
		18E86809292EBF06009A7245 /* Release */ = {
			isa = XCBuildConfiguration;
			buildSettings = {
				ALWAYS_EMBED_SWIFT_STANDARD_LIBRARIES = YES;
				CODE_SIGN_STYLE = Automatic;
				CURRENT_PROJECT_VERSION = 1;
				DEVELOPMENT_TEAM = 9B82Y2PAWR;
				GENERATE_INFOPLIST_FILE = YES;
				MARKETING_VERSION = 1.0;
				PRODUCT_BUNDLE_IDENTIFIER = com.FuguSoftware.DesignWeatherUITests;
				PRODUCT_NAME = "$(TARGET_NAME)";
				SWIFT_EMIT_LOC_STRINGS = NO;
				SWIFT_VERSION = 5.0;
				TARGETED_DEVICE_FAMILY = "1,2";
				TEST_TARGET_NAME = DesignWeather;
			};
			name = Release;
		};
/* End XCBuildConfiguration section */

/* Begin XCConfigurationList section */
		18E867D3292EBF04009A7245 /* Build configuration list for PBXProject "DesignWeather" */ = {
			isa = XCConfigurationList;
			buildConfigurations = (
				18E867FF292EBF06009A7245 /* Debug */,
				18E86800292EBF06009A7245 /* Release */,
			);
			defaultConfigurationIsVisible = 0;
			defaultConfigurationName = Release;
		};
		18E86801292EBF06009A7245 /* Build configuration list for PBXNativeTarget "DesignWeather" */ = {
			isa = XCConfigurationList;
			buildConfigurations = (
				18E86802292EBF06009A7245 /* Debug */,
				18E86803292EBF06009A7245 /* Release */,
			);
			defaultConfigurationIsVisible = 0;
			defaultConfigurationName = Release;
		};
		18E86804292EBF06009A7245 /* Build configuration list for PBXNativeTarget "DesignWeatherTests" */ = {
			isa = XCConfigurationList;
			buildConfigurations = (
				18E86805292EBF06009A7245 /* Debug */,
				18E86806292EBF06009A7245 /* Release */,
			);
			defaultConfigurationIsVisible = 0;
			defaultConfigurationName = Release;
		};
		18E86807292EBF06009A7245 /* Build configuration list for PBXNativeTarget "DesignWeatherUITests" */ = {
			isa = XCConfigurationList;
			buildConfigurations = (
				18E86808292EBF06009A7245 /* Debug */,
				18E86809292EBF06009A7245 /* Release */,
			);
			defaultConfigurationIsVisible = 0;
			defaultConfigurationName = Release;
		};
/* End XCConfigurationList section */

/* Begin XCRemoteSwiftPackageReference section */
		18E8681929322B9D009A7245 /* XCRemoteSwiftPackageReference "BottomSheet" */ = {
			isa = XCRemoteSwiftPackageReference;
			repositoryURL = "https://github.com/Wouter125/BottomSheet";
			requirement = {
				kind = upToNextMajorVersion;
				minimumVersion = 1.0.0;
			};
		};
/* End XCRemoteSwiftPackageReference section */

/* Begin XCSwiftPackageProductDependency section */
		18E8681A29322B9D009A7245 /* BottomSheet */ = {
			isa = XCSwiftPackageProductDependency;
			package = 18E8681929322B9D009A7245 /* XCRemoteSwiftPackageReference "BottomSheet" */;
			productName = BottomSheet;
		};
/* End XCSwiftPackageProductDependency section */

/* Begin XCVersionGroup section */
		18E867E6292EBF06009A7245 /* DesignWeather.xcdatamodeld */ = {
			isa = XCVersionGroup;
			children = (
				18E867E7292EBF06009A7245 /* DesignWeather.xcdatamodel */,
			);
			currentVersion = 18E867E7292EBF06009A7245 /* DesignWeather.xcdatamodel */;
			path = DesignWeather.xcdatamodeld;
			sourceTree = "<group>";
			versionGroupType = wrapper.xcdatamodel;
		};
/* End XCVersionGroup section */
	};
	rootObject = 18E867D0292EBF04009A7245 /* Project object */;
}
